{
	"name": "@j5g3/",
	"version": "0.0.0",
	"lockfileVersion": 3,
	"requires": true,
	"packages": {
		"": {
			"name": "@j5g3/",
			"version": "0.0.0",
			"devDependencies": {
				"@cxl/build": "file:../open/dist/build/package",
				"@cxl/docgen": "file:../cxl/dist/docgen",
				"@cxl/spec": "^0.3.1",
				"@webgpu/types": "^0.1.65"
			}
		},
		"../cxl/dist/docgen": {
			"name": "@cxl/docgen",
			"version": "0.2.0",
			"dev": true,
			"license": "GPL-3.0",
			"dependencies": {
				"@cxl/dts": "~0.4.0",
				"@cxl/program": "~0.0.3",
				"markdown-it": "^14.1.0"
			},
			"bin": {
				"cxl-docgen": "index.js"
			}
		},
		"../open/dist/build/package": {
			"name": "@cxl/build",
			"version": "1.0.0",
			"dev": true,
			"license": "GPL-3.0",
			"dependencies": {
				"@eslint/js": "^9.30.1",
				"esbuild": "*",
				"typescript": "^5.9.2",
				"typescript-eslint": "^8.39.0"
			},
			"bin": {
				"cxl-build": "index.bundle.js"
			}
		},
		"node_modules/@cxl/build": {
			"resolved": "../open/dist/build/package",
			"link": true
		},
		"node_modules/@cxl/docgen": {
			"resolved": "../cxl/dist/docgen",
			"link": true
		},
		"node_modules/@cxl/rx": {
			"version": "0.8.1",
			"resolved": "https://registry.npmjs.org/@cxl/rx/-/rx-0.8.1.tgz",
			"integrity": "sha512-KZTEt/KaSHPtRc7RnRt2mqLFozJENOKHEWPI4lZQFvgQlmoprP1MzWukxHtumEUAm3uDFo2qimj2R5dfkvoOGg==",
			"dev": true
		},
		"node_modules/@cxl/spec": {
			"version": "0.3.1",
			"resolved": "https://registry.npmjs.org/@cxl/spec/-/spec-0.3.1.tgz",
			"integrity": "sha512-OLaWcFNuRknEz+gRVyA/reDg3z3oKpA0cThBjAtSnPZrdJFvleq0751hyuYic8QZeHfOIOoViVSOQSeJwXW/pA==",
			"dev": true,
			"dependencies": {
				"@cxl/rx": "~0.8.0"
			}
		},
		"node_modules/@webgpu/types": {
			"version": "0.1.65",
			"resolved": "https://registry.npmjs.org/@webgpu/types/-/types-0.1.65.tgz",
			"integrity": "sha512-cYrHab4d6wuVvDW5tdsfI6/o6vcLMDe6w2Citd1oS51Xxu2ycLCnVo4fqwujfKWijrZMInTJIKcXxteoy21nVA==",
			"dev": true,
			"license": "BSD-3-Clause"
		}
	}
}
